
Microsoft Visual Studio Solution File, Format Version 12.00
# Visual Studio Version 17
VisualStudioVersion = 17.3.32819.101
MinimumVisualStudioVersion = 10.0.40219.1
Project("{FAE04EC0-301F-11D3-BF4B-00C04F79EFBC}") = "MedicalPrescriptionManagementSystem.Server", "MedicalPrescriptionManagementSystem\Server\MedicalPrescriptionManagementSystem.Server.csproj", "{CA3F6750-A6ED-45C6-8F84-79C3FF8DD564}"
EndProject
Project("{FAE04EC0-301F-11D3-BF4B-00C04F79EFBC}") = "MedicalPrescriptionManagementSystem.Client", "MedicalPrescriptionManagementSystem\Client\MedicalPrescriptionManagementSystem.Client.csproj", "{1698FE10-CC15-49A0-A3C9-A51893846E53}"
EndProject
Project("{FAE04EC0-301F-11D3-BF4B-00C04F79EFBC}") = "MedicalPrescriptionManagementSystem.Shared", "MedicalPrescriptionManagementSystem\Shared\MedicalPrescriptionManagementSystem.Shared.csproj", "{4D689BF0-C085-45DA-82EB-1BB2CD5934C4}"
EndProject
Global
	GlobalSection(SolutionConfigurationPlatforms) = preSolution
		Debug|Any CPU = Debug|Any CPU
		Release|Any CPU = Release|Any CPU
	EndGlobalSection
	GlobalSection(ProjectConfigurationPlatforms) = postSolution
		{CA3F6750-A6ED-45C6-8F84-79C3FF8DD564}.Debug|Any CPU.ActiveCfg = Debug|Any CPU
		{CA3F6750-A6ED-45C6-8F84-79C3FF8DD564}.Debug|Any CPU.Build.0 = Debug|Any CPU
		{CA3F6750-A6ED-45C6-8F84-79C3FF8DD564}.Release|Any CPU.ActiveCfg = Release|Any CPU
		{CA3F6750-A6ED-45C6-8F84-79C3FF8DD564}.Release|Any CPU.Build.0 = Release|Any CPU
		{1698FE10-CC15-49A0-A3C9-A51893846E53}.Debug|Any CPU.ActiveCfg = Debug|Any CPU
		{1698FE10-CC15-49A0-A3C9-A51893846E53}.Debug|Any CPU.Build.0 = Debug|Any CPU
		{1698FE10-CC15-49A0-A3C9-A51893846E53}.Release|Any CPU.ActiveCfg = Release|Any CPU
		{1698FE10-CC15-49A0-A3C9-A51893846E53}.Release|Any CPU.Build.0 = Release|Any CPU
		{4D689BF0-C085-45DA-82EB-1BB2CD5934C4}.Debug|Any CPU.ActiveCfg = Debug|Any CPU
		{4D689BF0-C085-45DA-82EB-1BB2CD5934C4}.Debug|Any CPU.Build.0 = Debug|Any CPU
		{4D689BF0-C085-45DA-82EB-1BB2CD5934C4}.Release|Any CPU.ActiveCfg = Release|Any CPU
		{4D689BF0-C085-45DA-82EB-1BB2CD5934C4}.Release|Any CPU.Build.0 = Release|Any CPU
	EndGlobalSection
	GlobalSection(SolutionProperties) = preSolution
		HideSolutionNode = FALSE
	EndGlobalSection
	GlobalSection(ExtensibilityGlobals) = postSolution
		SolutionGuid = {3EC7192A-2426-4B35-960A-7813C0679BBD}
	EndGlobalSection
EndGlobal
